# This file is automatically @generated by Cargo.
# It is not intended for manual editing.
version = 3

[[package]]
name = "array-init"
version = "0.0.4"
source = "registry+https://github.com/rust-lang/crates.io-index"
checksum = "23589ecb866b460d3a0f1278834750268c607e8e28a1b982c907219f3178cd72"
dependencies = [
 "nodrop",
]

[[package]]
name = "bit_field"
version = "0.9.0"
source = "registry+https://github.com/rust-lang/crates.io-index"
checksum = "ed8765909f9009617974ab6b7d332625b320b33c326b1e9321382ef1999b5d56"

[[package]]
name = "bitflags"
version = "1.0.4"
source = "registry+https://github.com/rust-lang/crates.io-index"
checksum = "228047a76f468627ca71776ecdebd732a3423081fcf5125585bcd7c49886ce12"

[[package]]
name = "blog_os"
version = "0.1.0"
source = "git+https://github.com/phil-opp/blog_os.git?branch=post-10#74675346c90ab1e85a102e930ce6674d11671220"
dependencies = [
 "bootloader 0.4.0",
 "lazy_static",
 "pc-keyboard",
 "pic8259_simple",
 "spin 0.4.10",
 "uart_16550",
 "volatile",
 "x86_64 0.5.3",
]

[[package]]
name = "bootloader"
version = "0.4.0"
source = "registry+https://github.com/rust-lang/crates.io-index"
checksum = "a0808c55da932b82d3ababdaa0caa3f18522c5d2d06309b98f73adda849a3f03"
dependencies = [
 "fixedvec",
 "font8x8",
 "usize_conversions",
 "x86_64 0.3.6",
 "xmas-elf",
]

[[package]]
name = "bootloader"
version = "0.8.5"
source = "registry+https://github.com/rust-lang/crates.io-index"
checksum = "ff68c4f3c9c871d18eaefadc6ba160db73c1f5fb454d446a89ec0a6c612d61ab"

[[package]]
name = "cc"
version = "1.0.34"
source = "registry+https://github.com/rust-lang/crates.io-index"
checksum = "30f813bf45048a18eda9190fd3c6b78644146056740c43172a5a3699118588fd"

[[package]]
name = "cfg-if"
version = "0.1.6"
source = "registry+https://github.com/rust-lang/crates.io-index"
checksum = "082bb9b28e00d3c9d39cc03e64ce4cea0f1bb9b3fde493f0cbc008472d22bdf4"

[[package]]
name = "cpuio"
version = "0.2.0"
source = "registry+https://github.com/rust-lang/crates.io-index"
checksum = "22b8e308ccfc5acf3b82f79c0eac444cf6114cb2ac67a230ca6c177210068daa"

[[package]]
name = "deque"
version = "0.3.2"
source = "git+https://github.com/rcore-os/deque.git?branch=no_std#b13a836dd69ae82cc0b8d711c2990b9baf5170d1"

[[package]]
name = "example"
version = "0.1.0"
dependencies = [
 "blog_os",
 "bootloader 0.8.5",
 "linked_list_allocator",
 "log",
 "rcore-thread",
]

[[package]]
name = "fixedvec"
version = "0.2.3"
source = "registry+https://github.com/rust-lang/crates.io-index"
checksum = "7c6c16d316ccdac21a4dd648e314e76facbbaf316e83ca137d0857a9c07419d0"
dependencies = [
 "skeptic",
]

[[package]]
name = "font8x8"
version = "0.2.4"
source = "registry+https://github.com/rust-lang/crates.io-index"
checksum = "b81d84c3c978af7d05d31a2198af4b9ba956d819d15d8f6d58fc150e33f8dc1f"

[[package]]
name = "fuchsia-zircon"
version = "0.3.3"
source = "registry+https://github.com/rust-lang/crates.io-index"
checksum = "2e9763c69ebaae630ba35f74888db465e49e259ba1bc0eda7d06f4a067615d82"
dependencies = [
 "bitflags",
 "fuchsia-zircon-sys",
]

[[package]]
name = "fuchsia-zircon-sys"
version = "0.3.3"
source = "registry+https://github.com/rust-lang/crates.io-index"
checksum = "3dcaa9ae7725d12cdb85b3ad99a434db70b468c09ded17e012d86b5c1010f7a7"

[[package]]
name = "getopts"
version = "0.2.18"
source = "registry+https://github.com/rust-lang/crates.io-index"
checksum = "0a7292d30132fb5424b354f5dc02512a86e4c516fe544bb7a25e7f266951b797"
dependencies = [
 "unicode-width",
]

[[package]]
name = "lazy_static"
version = "1.2.0"
source = "registry+https://github.com/rust-lang/crates.io-index"
checksum = "a374c89b9db55895453a74c1e38861d9deec0b01b405a82516e9d5de4820dea1"
dependencies = [
 "spin 0.4.10",
]

[[package]]
name = "libc"
version = "0.2.48"
source = "registry+https://github.com/rust-lang/crates.io-index"
checksum = "e962c7641008ac010fa60a7dfdc1712449f29c44ef2d4702394aea943ee75047"

[[package]]
name = "linked_list_allocator"
version = "0.6.3"
source = "registry+https://github.com/rust-lang/crates.io-index"
checksum = "655d57c71827fe0891ce72231b6aa5e14033dae3f604609e6a6f807267c1678d"
dependencies = [
 "spin 0.4.10",
]

[[package]]
name = "log"
version = "0.4.6"
source = "registry+https://github.com/rust-lang/crates.io-index"
checksum = "c84ec4b527950aa83a329754b01dbe3f58361d1c5efacd1f6d68c494d08a17c6"
dependencies = [
 "cfg-if",
]

[[package]]
name = "nodrop"
version = "0.1.13"
source = "registry+https://github.com/rust-lang/crates.io-index"
checksum = "2f9667ddcc6cc8a43afc9b7917599d7216aa09c463919ea32c59ed6cac8bc945"

[[package]]
name = "os_bootinfo"
version = "0.2.1"
source = "registry+https://github.com/rust-lang/crates.io-index"
checksum = "66481dbeb5e773e7bd85b63cd6042c30786f834338288c5ec4f3742673db360a"

[[package]]
name = "pc-keyboard"
version = "0.3.1"
source = "registry+https://github.com/rust-lang/crates.io-index"
checksum = "fff50ab09ba31bcebc0669f4e64c0952fae1acdca9e6e0587e68e4e8443808ac"

[[package]]
name = "pic8259_simple"
version = "0.1.1"
source = "registry+https://github.com/rust-lang/crates.io-index"
checksum = "dc64b2fd10828da8521b6cdabe0679385d7d2a3a6d4c336b819d1fa31ba35c72"
dependencies = [
 "cpuio",
]

[[package]]
name = "pulldown-cmark"
version = "0.0.3"
source = "registry+https://github.com/rust-lang/crates.io-index"
checksum = "8361e81576d2e02643b04950e487ec172b687180da65c731c03cf336784e6c07"
dependencies = [
 "getopts",
]

[[package]]
name = "rand"
version = "0.4.5"
source = "registry+https://github.com/rust-lang/crates.io-index"
checksum = "dee497e66d8d76bf08ce20c8d36e16f93749ab0bf89975b4f8ae5cee660c2da2"
dependencies = [
 "fuchsia-zircon",
 "libc",
 "rand_core 0.3.1",
 "rdrand",
 "winapi",
]

[[package]]
name = "rand_core"
version = "0.3.1"
source = "registry+https://github.com/rust-lang/crates.io-index"
checksum = "7a6fdeb83b075e8266dcc8762c22776f6877a63111121f5f8c7411e5be7eed4b"
dependencies = [
 "rand_core 0.4.2",
]

[[package]]
name = "rand_core"
version = "0.4.2"
source = "registry+https://github.com/rust-lang/crates.io-index"
checksum = "9c33a3c44ca05fa6f1807d8e6743f3824e8509beca625669633be0acbdf509dc"

[[package]]
name = "raw-cpuid"
version = "6.1.0"
source = "registry+https://github.com/rust-lang/crates.io-index"
checksum = "30a9d219c32c9132f7be513c18be77c9881c7107d2ab5569d205a6a0f0e6dc7d"
dependencies = [
 "bitflags",
 "cc",
 "rustc_version",
]

[[package]]
name = "rcore-thread"
version = "0.1.0"
dependencies = [
 "deque",
 "log",
 "spin 0.5.0",
]

[[package]]
name = "rdrand"
version = "0.4.0"
source = "registry+https://github.com/rust-lang/crates.io-index"
checksum = "678054eb77286b51581ba43620cc911abf02758c91f93f479767aed0f90458b2"
dependencies = [
 "rand_core 0.3.1",
]

[[package]]
name = "remove_dir_all"
version = "0.5.1"
source = "registry+https://github.com/rust-lang/crates.io-index"
checksum = "3488ba1b9a2084d38645c4c08276a1752dcbf2c7130d74f1569681ad5d2799c5"
dependencies = [
 "winapi",
]

[[package]]
name = "rustc_version"
version = "0.2.3"
source = "registry+https://github.com/rust-lang/crates.io-index"
checksum = "138e3e0acb6c9fb258b19b67cb8abd63c00679d2851805ea151465464fe9030a"
dependencies = [
 "semver",
]

[[package]]
name = "semver"
version = "0.9.0"
source = "registry+https://github.com/rust-lang/crates.io-index"
checksum = "1d7eb9ef2c18661902cc47e535f9bc51b78acd254da71d375c2f6720d9a40403"
dependencies = [
 "semver-parser",
]

[[package]]
name = "semver-parser"
version = "0.7.0"
source = "registry+https://github.com/rust-lang/crates.io-index"
checksum = "388a1df253eca08550bef6c72392cfe7c30914bf41df5269b68cbd6ff8f570a3"

[[package]]
name = "skeptic"
version = "0.5.0"
source = "registry+https://github.com/rust-lang/crates.io-index"
checksum = "061203a849117b0f7090baf8157aa91dac30545208fbb85166ac58b4ca33d89c"
dependencies = [
 "pulldown-cmark",
 "tempdir",
]

[[package]]
name = "spin"
version = "0.4.10"
source = "registry+https://github.com/rust-lang/crates.io-index"
checksum = "ceac490aa12c567115b40b7b7fceca03a6c9d53d5defea066123debc83c5dc1f"

[[package]]
name = "spin"
version = "0.5.0"
source = "registry+https://github.com/rust-lang/crates.io-index"
checksum = "44363f6f51401c34e7be73db0db371c04705d35efbe9f7d6082e03a921a32c55"

[[package]]
name = "tempdir"
version = "0.3.7"
source = "registry+https://github.com/rust-lang/crates.io-index"
checksum = "15f2b5fb00ccdf689e0149d1b1b3c03fead81c2b37735d812fa8bddbbf41b6d8"
dependencies = [
 "rand",
 "remove_dir_all",
]

[[package]]
name = "uart_16550"
version = "0.1.0"
source = "registry+https://github.com/rust-lang/crates.io-index"
checksum = "269f953d8de3226f7c065c589c7b4a3e83d10a419c7c3b5e2e0f197e6acc966e"
dependencies = [
 "bitflags",
 "x86_64 0.2.14",
]

[[package]]
name = "unicode-width"
version = "0.1.5"
source = "registry+https://github.com/rust-lang/crates.io-index"
checksum = "882386231c45df4700b275c7ff55b6f3698780a650026380e72dabe76fa46526"

[[package]]
name = "usize_conversions"
version = "0.2.0"
source = "registry+https://github.com/rust-lang/crates.io-index"
checksum = "f70329e2cbe45d6c97a5112daad40c34cd9a4e18edb5a2a18fefeb584d8d25e5"

[[package]]
name = "ux"
version = "0.1.3"
source = "registry+https://github.com/rust-lang/crates.io-index"
checksum = "88dfeb711b61ce620c0cb6fd9f8e3e678622f0c971da2a63c4b3e25e88ed012f"

[[package]]
name = "volatile"
version = "0.2.6"
source = "registry+https://github.com/rust-lang/crates.io-index"
checksum = "6af0edf5b4faacc31fc51159244d78d65ec580f021afcef7bd53c04aeabc7f29"

[[package]]
name = "winapi"
version = "0.3.6"
source = "registry+https://github.com/rust-lang/crates.io-index"
checksum = "92c1eb33641e276cfa214a0522acad57be5c56b10cb348b3c5117db75f3ac4b0"
dependencies = [
 "winapi-i686-pc-windows-gnu",
 "winapi-x86_64-pc-windows-gnu",
]

[[package]]
name = "winapi-i686-pc-windows-gnu"
version = "0.4.0"
source = "registry+https://github.com/rust-lang/crates.io-index"
checksum = "ac3b87c63620426dd9b991e5ce0329eff545bccbbb34f3be09ff6fb6ab51b7b6"

[[package]]
name = "winapi-x86_64-pc-windows-gnu"
version = "0.4.0"
source = "registry+https://github.com/rust-lang/crates.io-index"
checksum = "712e227841d057c1ee1cd2fb22fa7e5a5461ae8e48fa2ca79ec42cfc1931183f"

[[package]]
name = "x86_64"
version = "0.2.14"
source = "registry+https://github.com/rust-lang/crates.io-index"
checksum = "2bd647af1614659e1febec1d681231aea4ebda4818bf55a578aff02f3e4db4b4"
dependencies = [
 "bit_field",
 "bitflags",
 "os_bootinfo",
 "usize_conversions",
 "ux",
]

[[package]]
name = "x86_64"
version = "0.3.6"
source = "registry+https://github.com/rust-lang/crates.io-index"
checksum = "f9258d7e2dd25008d69e8c9e9ee37865887a5e1e3d06a62f1cb3f6c209e6f177"
dependencies = [
 "array-init",
 "bit_field",
 "bitflags",
 "os_bootinfo",
 "usize_conversions",
 "ux",
]

[[package]]
name = "x86_64"
version = "0.5.3"
source = "registry+https://github.com/rust-lang/crates.io-index"
checksum = "8f7e92e985f4052118fd69f2b366c67e91288c0f01f4ae52610dce236425dfa0"
dependencies = [
 "array-init",
 "bit_field",
 "bitflags",
 "raw-cpuid",
 "usize_conversions",
 "ux",
]

[[package]]
name = "xmas-elf"
version = "0.6.2"
source = "registry+https://github.com/rust-lang/crates.io-index"
checksum = "22678df5df766e8d1e5d609da69f0c3132d794edf6ab5e75e7abcd2270d4cf58"
dependencies = [
 "zero",
]

[[package]]
name = "zero"
version = "0.1.2"
source = "registry+https://github.com/rust-lang/crates.io-index"
checksum = "5f1bc8a6b2005884962297587045002d8cfb8dcec9db332f4ca216ddc5de82c5"
